
Microsoft Visual Studio Solution File, Format Version 12.00
# Visual Studio Version 16
VisualStudioVersion = 16.0.31005.135
MinimumVisualStudioVersion = 10.0.40219.1
Project("{FAE04EC0-301F-11D3-BF4B-00C04F79EFBC}") = "Cobrinha", "Cobrinha\Cobrinha.csproj", "{BCC7319B-0783-4B99-AE42-BBCBA37E04B5}"
EndProject
Global
	GlobalSection(SolutionConfigurationPlatforms) = preSolution
		Debug|Any CPU = Debug|Any CPU
		Release|Any CPU = Release|Any CPU
	EndGlobalSection
	GlobalSection(ProjectConfigurationPlatforms) = postSolution
		{BCC7319B-0783-4B99-AE42-BBCBA37E04B5}.Debug|Any CPU.ActiveCfg = Debug|Any CPU
		{BCC7319B-0783-4B99-AE42-BBCBA37E04B5}.Debug|Any CPU.Build.0 = Debug|Any CPU
		{BCC7319B-0783-4B99-AE42-BBCBA37E04B5}.Release|Any CPU.ActiveCfg = Release|Any CPU
		{BCC7319B-0783-4B99-AE42-BBCBA37E04B5}.Release|Any CPU.Build.0 = Release|Any CPU
	EndGlobalSection
	GlobalSection(SolutionProperties) = preSolution
		HideSolutionNode = FALSE
	EndGlobalSection
	GlobalSection(ExtensibilityGlobals) = postSolution
		SolutionGuid = {81E4F838-2821-41BC-A611-B6F281CCA11D}
	EndGlobalSection
EndGlobal
